
Microsoft Visual Studio Solution File, Format Version 12.00
# Visual Studio Version 17
VisualStudioVersion = 17.7.34202.233
MinimumVisualStudioVersion = 10.0.40219.1
Project("{9A19103F-16F7-4668-BE54-9A1E7A4F7556}") = "ConsoleApp", "Console\ConsoleApp.csproj", "{5EA4D6AC-CFFB-4F0F-AA7B-3113C10A4089}"
EndProject
Project("{9A19103F-16F7-4668-BE54-9A1E7A4F7556}") = "FakeNetworkUtility", "FakeNetworkUtility\FakeNetworkUtility.csproj", "{60E806B5-4C92-44E9-8F2A-93BBE2B63ECD}"
EndProject
Project("{FAE04EC0-301F-11D3-BF4B-00C04F79EFBC}") = "FakeNetworkUtility.Test", "FakeNetworkUtility.Test\FakeNetworkUtility.Test.csproj", "{AC6C0677-2AA8-46B8-B6FB-6A7A8F8ACE97}"
EndProject
Global
	GlobalSection(SolutionConfigurationPlatforms) = preSolution
		Debug|Any CPU = Debug|Any CPU
		Release|Any CPU = Release|Any CPU
	EndGlobalSection
	GlobalSection(ProjectConfigurationPlatforms) = postSolution
		{5EA4D6AC-CFFB-4F0F-AA7B-3113C10A4089}.Debug|Any CPU.ActiveCfg = Debug|Any CPU
		{5EA4D6AC-CFFB-4F0F-AA7B-3113C10A4089}.Debug|Any CPU.Build.0 = Debug|Any CPU
		{5EA4D6AC-CFFB-4F0F-AA7B-3113C10A4089}.Release|Any CPU.ActiveCfg = Release|Any CPU
		{5EA4D6AC-CFFB-4F0F-AA7B-3113C10A4089}.Release|Any CPU.Build.0 = Release|Any CPU
		{60E806B5-4C92-44E9-8F2A-93BBE2B63ECD}.Debug|Any CPU.ActiveCfg = Debug|Any CPU
		{60E806B5-4C92-44E9-8F2A-93BBE2B63ECD}.Debug|Any CPU.Build.0 = Debug|Any CPU
		{60E806B5-4C92-44E9-8F2A-93BBE2B63ECD}.Release|Any CPU.ActiveCfg = Release|Any CPU
		{60E806B5-4C92-44E9-8F2A-93BBE2B63ECD}.Release|Any CPU.Build.0 = Release|Any CPU
		{AC6C0677-2AA8-46B8-B6FB-6A7A8F8ACE97}.Debug|Any CPU.ActiveCfg = Debug|Any CPU
		{AC6C0677-2AA8-46B8-B6FB-6A7A8F8ACE97}.Debug|Any CPU.Build.0 = Debug|Any CPU
		{AC6C0677-2AA8-46B8-B6FB-6A7A8F8ACE97}.Release|Any CPU.ActiveCfg = Release|Any CPU
		{AC6C0677-2AA8-46B8-B6FB-6A7A8F8ACE97}.Release|Any CPU.Build.0 = Release|Any CPU
	EndGlobalSection
	GlobalSection(SolutionProperties) = preSolution
		HideSolutionNode = FALSE
	EndGlobalSection
	GlobalSection(ExtensibilityGlobals) = postSolution
		SolutionGuid = {BF6B22ED-5821-49AB-A51B-334AC05DEB5E}
	EndGlobalSection
EndGlobal
