
Microsoft Visual Studio Solution File, Format Version 12.00
# Visual Studio Version 17
VisualStudioVersion = 17.7.34202.233
MinimumVisualStudioVersion = 10.0.40219.1
Project("{9A19103F-16F7-4668-BE54-9A1E7A4F7556}") = "ConsoleApp", "Console\ConsoleApp.csproj", "{5EA4D6AC-CFFB-4F0F-AA7B-3113C10A4089}"
EndProject
Project("{9A19103F-16F7-4668-BE54-9A1E7A4F7556}") = "FakeNetworkUtility", "FakeNetworkUtility\FakeNetworkUtility.csproj", "{60E806B5-4C92-44E9-8F2A-93BBE2B63ECD}"
EndProject
Project("{9A19103F-16F7-4668-BE54-9A1E7A4F7556}") = "FakeNetworkUtility.Test", "FakeNetworkUtility.Test\FakeNetworkUtility.Test.csproj", "{AC6C0677-2AA8-46B8-B6FB-6A7A8F8ACE97}"
EndProject
Project("{9A19103F-16F7-4668-BE54-9A1E7A4F7556}") = "RunGroopWebApp", "RunGroopWebApp\RunGroopWebApp.csproj", "{F1411384-5FE4-4340-99BB-0FC3C73E3BCF}"
EndProject
Project("{9A19103F-16F7-4668-BE54-9A1E7A4F7556}") = "RunGroopWebApp.Scraper", "RunGroopWebApp.Scraper\RunGroopWebApp.Scraper.csproj", "{F74737FF-2C46-48AC-98AE-D61E857B05F7}"
EndProject
Project("{9A19103F-16F7-4668-BE54-9A1E7A4F7556}") = "RunGroopWebApp.Tests", "RunGroopWebApp.Tests\RunGroopWebApp.Tests.csproj", "{01230B47-CAE5-42B0-949E-964A15D3EB83}"
EndProject
Project("{2150E333-8FDC-42A3-9474-1A3956D46DE8}") = "0_ConsoleAppUnitTesting", "0_ConsoleAppUnitTesting", "{5ABBBD50-8BFA-404A-990C-E10C1FDC572F}"
EndProject
Project("{2150E333-8FDC-42A3-9474-1A3956D46DE8}") = "1_ConsoleAppUnitTestingWithFrameworks", "1_ConsoleAppUnitTestingWithFrameworks", "{6854EBF3-E0DB-4EF6-A9BA-858B685E8701}"
EndProject
Project("{2150E333-8FDC-42A3-9474-1A3956D46DE8}") = "2_WebAppUnitTesting", "2_WebAppUnitTesting", "{3EF8ACB1-EFBF-42DD-8925-74FEC51F5429}"
EndProject
Global
	GlobalSection(SolutionConfigurationPlatforms) = preSolution
		Debug|Any CPU = Debug|Any CPU
		Release|Any CPU = Release|Any CPU
	EndGlobalSection
	GlobalSection(ProjectConfigurationPlatforms) = postSolution
		{5EA4D6AC-CFFB-4F0F-AA7B-3113C10A4089}.Debug|Any CPU.ActiveCfg = Debug|Any CPU
		{5EA4D6AC-CFFB-4F0F-AA7B-3113C10A4089}.Debug|Any CPU.Build.0 = Debug|Any CPU
		{5EA4D6AC-CFFB-4F0F-AA7B-3113C10A4089}.Release|Any CPU.ActiveCfg = Release|Any CPU
		{5EA4D6AC-CFFB-4F0F-AA7B-3113C10A4089}.Release|Any CPU.Build.0 = Release|Any CPU
		{60E806B5-4C92-44E9-8F2A-93BBE2B63ECD}.Debug|Any CPU.ActiveCfg = Debug|Any CPU
		{60E806B5-4C92-44E9-8F2A-93BBE2B63ECD}.Debug|Any CPU.Build.0 = Debug|Any CPU
		{60E806B5-4C92-44E9-8F2A-93BBE2B63ECD}.Release|Any CPU.ActiveCfg = Release|Any CPU
		{60E806B5-4C92-44E9-8F2A-93BBE2B63ECD}.Release|Any CPU.Build.0 = Release|Any CPU
		{AC6C0677-2AA8-46B8-B6FB-6A7A8F8ACE97}.Debug|Any CPU.ActiveCfg = Debug|Any CPU
		{AC6C0677-2AA8-46B8-B6FB-6A7A8F8ACE97}.Debug|Any CPU.Build.0 = Debug|Any CPU
		{AC6C0677-2AA8-46B8-B6FB-6A7A8F8ACE97}.Release|Any CPU.ActiveCfg = Release|Any CPU
		{AC6C0677-2AA8-46B8-B6FB-6A7A8F8ACE97}.Release|Any CPU.Build.0 = Release|Any CPU
		{F1411384-5FE4-4340-99BB-0FC3C73E3BCF}.Debug|Any CPU.ActiveCfg = Debug|Any CPU
		{F1411384-5FE4-4340-99BB-0FC3C73E3BCF}.Debug|Any CPU.Build.0 = Debug|Any CPU
		{F1411384-5FE4-4340-99BB-0FC3C73E3BCF}.Release|Any CPU.ActiveCfg = Release|Any CPU
		{F1411384-5FE4-4340-99BB-0FC3C73E3BCF}.Release|Any CPU.Build.0 = Release|Any CPU
		{F74737FF-2C46-48AC-98AE-D61E857B05F7}.Debug|Any CPU.ActiveCfg = Debug|Any CPU
		{F74737FF-2C46-48AC-98AE-D61E857B05F7}.Debug|Any CPU.Build.0 = Debug|Any CPU
		{F74737FF-2C46-48AC-98AE-D61E857B05F7}.Release|Any CPU.ActiveCfg = Release|Any CPU
		{F74737FF-2C46-48AC-98AE-D61E857B05F7}.Release|Any CPU.Build.0 = Release|Any CPU
		{01230B47-CAE5-42B0-949E-964A15D3EB83}.Debug|Any CPU.ActiveCfg = Debug|Any CPU
		{01230B47-CAE5-42B0-949E-964A15D3EB83}.Debug|Any CPU.Build.0 = Debug|Any CPU
		{01230B47-CAE5-42B0-949E-964A15D3EB83}.Release|Any CPU.ActiveCfg = Release|Any CPU
		{01230B47-CAE5-42B0-949E-964A15D3EB83}.Release|Any CPU.Build.0 = Release|Any CPU
	EndGlobalSection
	GlobalSection(SolutionProperties) = preSolution
		HideSolutionNode = FALSE
	EndGlobalSection
	GlobalSection(NestedProjects) = preSolution
		{5EA4D6AC-CFFB-4F0F-AA7B-3113C10A4089} = {5ABBBD50-8BFA-404A-990C-E10C1FDC572F}
		{60E806B5-4C92-44E9-8F2A-93BBE2B63ECD} = {6854EBF3-E0DB-4EF6-A9BA-858B685E8701}
		{AC6C0677-2AA8-46B8-B6FB-6A7A8F8ACE97} = {6854EBF3-E0DB-4EF6-A9BA-858B685E8701}
		{F1411384-5FE4-4340-99BB-0FC3C73E3BCF} = {3EF8ACB1-EFBF-42DD-8925-74FEC51F5429}
		{F74737FF-2C46-48AC-98AE-D61E857B05F7} = {3EF8ACB1-EFBF-42DD-8925-74FEC51F5429}
		{01230B47-CAE5-42B0-949E-964A15D3EB83} = {3EF8ACB1-EFBF-42DD-8925-74FEC51F5429}
	EndGlobalSection
	GlobalSection(ExtensibilityGlobals) = postSolution
		SolutionGuid = {BF6B22ED-5821-49AB-A51B-334AC05DEB5E}
	EndGlobalSection
EndGlobal
